
Microsoft Visual Studio Solution File, Format Version 12.00
# Visual Studio Version 16
VisualStudioVersion = 16.0.29318.209
MinimumVisualStudioVersion = 10.0.40219.1
Project("{9A19103F-16F7-4668-BE54-9A1E7A4F7556}") = "practicaPOO", "practicaPOO.csproj", "{D40878CF-4FEB-45B2-AE69-C9AA17C8A13B}"
EndProject
Global
	GlobalSection(SolutionConfigurationPlatforms) = preSolution
		Debug|Any CPU = Debug|Any CPU
		Release|Any CPU = Release|Any CPU
	EndGlobalSection
	GlobalSection(ProjectConfigurationPlatforms) = postSolution
		{D40878CF-4FEB-45B2-AE69-C9AA17C8A13B}.Debug|Any CPU.ActiveCfg = Debug|Any CPU
		{D40878CF-4FEB-45B2-AE69-C9AA17C8A13B}.Debug|Any CPU.Build.0 = Debug|Any CPU
		{D40878CF-4FEB-45B2-AE69-C9AA17C8A13B}.Release|Any CPU.ActiveCfg = Release|Any CPU
		{D40878CF-4FEB-45B2-AE69-C9AA17C8A13B}.Release|Any CPU.Build.0 = Release|Any CPU
	EndGlobalSection
	GlobalSection(SolutionProperties) = preSolution
		HideSolutionNode = FALSE
	EndGlobalSection
	GlobalSection(ExtensibilityGlobals) = postSolution
		SolutionGuid = {A91B2015-52B5-48CF-A1CB-5ACFA7FC5F1B}
	EndGlobalSection
EndGlobal
